{
  "name": "oving13",
  "version": "1.0.0",
  "lockfileVersion": 1,
  "requires": true,
  "dependencies": {
    "google-closure-library": {
      "version": "20170910.0.0",
      "resolved": "https://registry.npmjs.org/google-closure-library/-/google-closure-library-20170910.0.0.tgz",
      "integrity": "sha1-1hIuwkRyZy7hNHsZ6MSkPRj1e+8="
    },
    "lodash": {
      "version": "4.17.4",
      "resolved": "https://registry.npmjs.org/lodash/-/lodash-4.17.4.tgz",
      "integrity": "sha1-eCA6TRwyiuHYbcpkYONptX9AVa4="
    }
  }
}
